// !$*UTF8*$!
{
	archiveVersion = 1;
	classes = {
	};
	objectVersion = 56;
	objects = {

/* Begin PBXBuildFile section */
		2F6D7D632A15B60D00FA457D /* AppDelegate.swift in Sources */ = {isa = PBXBuildFile; fileRef = 2F6D7D622A15B60D00FA457D /* AppDelegate.swift */; };
		2F6D7D652A15B60D00FA457D /* SceneDelegate.swift in Sources */ = {isa = PBXBuildFile; fileRef = 2F6D7D642A15B60D00FA457D /* SceneDelegate.swift */; };
		2F6D7D6C2A15B60E00FA457D /* Assets.xcassets in Resources */ = {isa = PBXBuildFile; fileRef = 2F6D7D6B2A15B60E00FA457D /* Assets.xcassets */; };
		2F6D7D6F2A15B60E00FA457D /* LaunchScreen.storyboard in Resources */ = {isa = PBXBuildFile; fileRef = 2F6D7D6D2A15B60E00FA457D /* LaunchScreen.storyboard */; };
		2F6D7D772A15B66100FA457D /* .gitignore in Resources */ = {isa = PBXBuildFile; fileRef = 2F6D7D762A15B66100FA457D /* .gitignore */; };
		2F6D7D8E2A15B98000FA457D /* APIKey.swift in Sources */ = {isa = PBXBuildFile; fileRef = 2F6D7D8D2A15B98000FA457D /* APIKey.swift */; };
		2F6D7D902A15B99700FA457D /* TargetType.swift in Sources */ = {isa = PBXBuildFile; fileRef = 2F6D7D8F2A15B99700FA457D /* TargetType.swift */; };
		2F6D7D922A15B9A700FA457D /* Router.swift in Sources */ = {isa = PBXBuildFile; fileRef = 2F6D7D912A15B9A700FA457D /* Router.swift */; };
		2F6D7D942A15B9E200FA457D /* NetworkError.swift in Sources */ = {isa = PBXBuildFile; fileRef = 2F6D7D932A15B9E200FA457D /* NetworkError.swift */; };
		2F6D7D9C2A15BB4D00FA457D /* NetworkMonitor.swift in Sources */ = {isa = PBXBuildFile; fileRef = 2F6D7D9B2A15BB4D00FA457D /* NetworkMonitor.swift */; };
		2F6D7D9E2A15BB9E00FA457D /* Coordinator.swift in Sources */ = {isa = PBXBuildFile; fileRef = 2F6D7D9D2A15BB9E00FA457D /* Coordinator.swift */; };
		2F6D7DA02A15BBA500FA457D /* AppCoordinator.swift in Sources */ = {isa = PBXBuildFile; fileRef = 2F6D7D9F2A15BBA500FA457D /* AppCoordinator.swift */; };
		2F6D7DA22A15BBB500FA457D /* CoordinatorDelegate.swift in Sources */ = {isa = PBXBuildFile; fileRef = 2F6D7DA12A15BBB500FA457D /* CoordinatorDelegate.swift */; };
		2F6D7DA42A15BBFA00FA457D /* CoordinatorStyleCase.swift in Sources */ = {isa = PBXBuildFile; fileRef = 2F6D7DA32A15BBFA00FA457D /* CoordinatorStyleCase.swift */; };
		2F6D7DAA2A15C13200FA457D /* AuthCoordinator.swift in Sources */ = {isa = PBXBuildFile; fileRef = 2F6D7DA92A15C13200FA457D /* AuthCoordinator.swift */; };
		2F6D7DAE2A15C17800FA457D /* SignupViewModel.swift in Sources */ = {isa = PBXBuildFile; fileRef = 2F6D7DAD2A15C17800FA457D /* SignupViewModel.swift */; };
		2F6D7DB02A15C17F00FA457D /* SignupViewController.swift in Sources */ = {isa = PBXBuildFile; fileRef = 2F6D7DAF2A15C17F00FA457D /* SignupViewController.swift */; };
		2F6D7DB22A15C18600FA457D /* SignupView.swift in Sources */ = {isa = PBXBuildFile; fileRef = 2F6D7DB12A15C18600FA457D /* SignupView.swift */; };
		2F6D7DB52A15C1D200FA457D /* ViewModelType.swift in Sources */ = {isa = PBXBuildFile; fileRef = 2F6D7DB42A15C1D200FA457D /* ViewModelType.swift */; };
		2F6D7DB72A15C23000FA457D /* BaseViewController.swift in Sources */ = {isa = PBXBuildFile; fileRef = 2F6D7DB62A15C23000FA457D /* BaseViewController.swift */; };
		2F6D7DB92A15C23300FA457D /* BaseView.swift in Sources */ = {isa = PBXBuildFile; fileRef = 2F6D7DB82A15C23300FA457D /* BaseView.swift */; };
		2F6D7DBE2A15C47700FA457D /* CustomTextField.swift in Sources */ = {isa = PBXBuildFile; fileRef = 2F6D7DBD2A15C47700FA457D /* CustomTextField.swift */; };
		2F6D7DC02A15C4AC00FA457D /* UIColor + Extension.swift in Sources */ = {isa = PBXBuildFile; fileRef = 2F6D7DBF2A15C4AC00FA457D /* UIColor + Extension.swift */; };
		2F6D7DC52A15DC9000FA457D /* LoginViewModel.swift in Sources */ = {isa = PBXBuildFile; fileRef = 2F6D7DC42A15DC9000FA457D /* LoginViewModel.swift */; };
		2F6D7DC72A15DC9600FA457D /* LoginViewController.swift in Sources */ = {isa = PBXBuildFile; fileRef = 2F6D7DC62A15DC9600FA457D /* LoginViewController.swift */; };
		2F6D7DC92A15DC9900FA457D /* LoginView.swift in Sources */ = {isa = PBXBuildFile; fileRef = 2F6D7DC82A15DC9900FA457D /* LoginView.swift */; };
		2F6D7DCB2A15EF8D00FA457D /* CustomAlertView.swift in Sources */ = {isa = PBXBuildFile; fileRef = 2F6D7DCA2A15EF8D00FA457D /* CustomAlertView.swift */; };
		2F6D7DD02A15F2CB00FA457D /* SignupAlertViewModel.swift in Sources */ = {isa = PBXBuildFile; fileRef = 2F6D7DCF2A15F2CB00FA457D /* SignupAlertViewModel.swift */; };
		2F6D7DD22A15F2D400FA457D /* SignupAlertViewController.swift in Sources */ = {isa = PBXBuildFile; fileRef = 2F6D7DD12A15F2D400FA457D /* SignupAlertViewController.swift */; };
		2F6D7DD62A15FAA100FA457D /* Combine + Extension.swift in Sources */ = {isa = PBXBuildFile; fileRef = 2F6D7DD52A15FAA100FA457D /* Combine + Extension.swift */; };
		2F6D7DD82A160A5800FA457D /* RegisterUseCase.swift in Sources */ = {isa = PBXBuildFile; fileRef = 2F6D7DD72A160A5800FA457D /* RegisterUseCase.swift */; };
		2F6D7DDA2A160AAA00FA457D /* HTTPMethod.swift in Sources */ = {isa = PBXBuildFile; fileRef = 2F6D7DD92A160AAA00FA457D /* HTTPMethod.swift */; };
		2F6D7DDE2A160DC500FA457D /* RegisterQuery.swift in Sources */ = {isa = PBXBuildFile; fileRef = 2F6D7DDD2A160DC500FA457D /* RegisterQuery.swift */; };
		2F6D7DE42A160F1F00FA457D /* RegisterRepositoryType.swift in Sources */ = {isa = PBXBuildFile; fileRef = 2F6D7DE32A160F1F00FA457D /* RegisterRepositoryType.swift */; };
		2FBDB10C2A1B12D9004A3B96 /* CreateFolderViewModel.swift in Sources */ = {isa = PBXBuildFile; fileRef = 2FBDB10B2A1B12D9004A3B96 /* CreateFolderViewModel.swift */; };
		2FBDB10E2A1B12DF004A3B96 /* CreateFolderView.swift in Sources */ = {isa = PBXBuildFile; fileRef = 2FBDB10D2A1B12DF004A3B96 /* CreateFolderView.swift */; };
		2FBDB1102A1B12E5004A3B96 /* CreateFolderViewController.swift in Sources */ = {isa = PBXBuildFile; fileRef = 2FBDB10F2A1B12E5004A3B96 /* CreateFolderViewController.swift */; };
		2FBDB1122A1B24C4004A3B96 /* CreateFolderRepositoryType.swift in Sources */ = {isa = PBXBuildFile; fileRef = 2FBDB1112A1B24C4004A3B96 /* CreateFolderRepositoryType.swift */; };
		2FBDB1142A1B2507004A3B96 /* CreateFolderUseCase.swift in Sources */ = {isa = PBXBuildFile; fileRef = 2FBDB1132A1B2507004A3B96 /* CreateFolderUseCase.swift */; };
		2FBDB1162A1B27A1004A3B96 /* CreateFolderRegistoryImpl.swift in Sources */ = {isa = PBXBuildFile; fileRef = 2FBDB1152A1B27A1004A3B96 /* CreateFolderRegistoryImpl.swift */; };
		2FBDB11A2A1B64E3004A3B96 /* DeleteFolderAlertViewController.swift in Sources */ = {isa = PBXBuildFile; fileRef = 2FBDB1192A1B64E3004A3B96 /* DeleteFolderAlertViewController.swift */; };
		2FBDB11E2A1B64FD004A3B96 /* DeleteFolderAlertViewModel.swift in Sources */ = {isa = PBXBuildFile; fileRef = 2FBDB11D2A1B64FD004A3B96 /* DeleteFolderAlertViewModel.swift */; };
		2FBDB1202A1B65EA004A3B96 /* CustomYesOrNoAlertView.swift in Sources */ = {isa = PBXBuildFile; fileRef = 2FBDB11F2A1B65EA004A3B96 /* CustomYesOrNoAlertView.swift */; };
		2FBDB1252A1B6A9F004A3B96 /* DetailTodoViewModel.swift in Sources */ = {isa = PBXBuildFile; fileRef = 2FBDB1242A1B6A9F004A3B96 /* DetailTodoViewModel.swift */; };
		2FBDB1272A1B6AA7004A3B96 /* DetailTodoViewController.swift in Sources */ = {isa = PBXBuildFile; fileRef = 2FBDB1262A1B6AA7004A3B96 /* DetailTodoViewController.swift */; };
		2FBDB1292A1B6ACF004A3B96 /* DetailTodoView.swift in Sources */ = {isa = PBXBuildFile; fileRef = 2FBDB1282A1B6ACF004A3B96 /* DetailTodoView.swift */; };
		2FBDB1302A1B7DEE004A3B96 /* TodoListViewController.swift in Sources */ = {isa = PBXBuildFile; fileRef = 2FBDB12F2A1B7DEE004A3B96 /* TodoListViewController.swift */; };
		2FBDB1322A1B7DF2004A3B96 /* TodoListView.swift in Sources */ = {isa = PBXBuildFile; fileRef = 2FBDB1312A1B7DF2004A3B96 /* TodoListView.swift */; };
		2FBDB1342A1B7DFB004A3B96 /* TodoListViewModel.swift in Sources */ = {isa = PBXBuildFile; fileRef = 2FBDB1332A1B7DFB004A3B96 /* TodoListViewModel.swift */; };
		2FBDB1362A1B837F004A3B96 /* BaseTodoCollectionViewCell.swift in Sources */ = {isa = PBXBuildFile; fileRef = 2FBDB1352A1B837F004A3B96 /* BaseTodoCollectionViewCell.swift */; };
		2FBFBA3D2A189B82009144A6 /* HomeViewController.swift in Sources */ = {isa = PBXBuildFile; fileRef = 2FBFBA3C2A189B82009144A6 /* HomeViewController.swift */; };
		2FBFBA3F2A189B85009144A6 /* HomeView.swift in Sources */ = {isa = PBXBuildFile; fileRef = 2FBFBA3E2A189B85009144A6 /* HomeView.swift */; };
		2FBFBA412A189B8D009144A6 /* HomeViewModel.swift in Sources */ = {isa = PBXBuildFile; fileRef = 2FBFBA402A189B8D009144A6 /* HomeViewModel.swift */; };
		2FBFBA432A189BDB009144A6 /* CustomButton.swift in Sources */ = {isa = PBXBuildFile; fileRef = 2FBFBA422A189BDB009144A6 /* CustomButton.swift */; };
		2FBFBA462A189E4E009144A6 /* MainCoordinator.swift in Sources */ = {isa = PBXBuildFile; fileRef = 2FBFBA452A189E4E009144A6 /* MainCoordinator.swift */; };
		2FBFBA482A18A4B6009144A6 /* Folder.swift in Sources */ = {isa = PBXBuildFile; fileRef = 2FBFBA472A18A4B6009144A6 /* Folder.swift */; };
		2FBFBA4A2A18A51F009144A6 /* FolderResponseDto.swift in Sources */ = {isa = PBXBuildFile; fileRef = 2FBFBA492A18A51F009144A6 /* FolderResponseDto.swift */; };
		2FBFBA4C2A18A5D7009144A6 /* TodoResponseDto.swift in Sources */ = {isa = PBXBuildFile; fileRef = 2FBFBA4B2A18A5D7009144A6 /* TodoResponseDto.swift */; };
		2FBFBA4E2A18A66B009144A6 /* TodoPostDto.swift in Sources */ = {isa = PBXBuildFile; fileRef = 2FBFBA4D2A18A66B009144A6 /* TodoPostDto.swift */; };
		2FBFBA502A18ABA7009144A6 /* FolderPostDto.swift in Sources */ = {isa = PBXBuildFile; fileRef = 2FBFBA4F2A18ABA7009144A6 /* FolderPostDto.swift */; };
		2FBFBA532A18AC28009144A6 /* Color.swift in Sources */ = {isa = PBXBuildFile; fileRef = 2FBFBA522A18AC28009144A6 /* Color.swift */; };
		2FBFBA552A18ACFF009144A6 /* TodoUpdateDto.swift in Sources */ = {isa = PBXBuildFile; fileRef = 2FBFBA542A18ACFF009144A6 /* TodoUpdateDto.swift */; };
		2FBFBA572A18AD46009144A6 /* UpdateFolderDto.swift in Sources */ = {isa = PBXBuildFile; fileRef = 2FBFBA562A18AD46009144A6 /* UpdateFolderDto.swift */; };
		2FBFBA592A18AD74009144A6 /* UpdateMemberDto.swift in Sources */ = {isa = PBXBuildFile; fileRef = 2FBFBA582A18AD74009144A6 /* UpdateMemberDto.swift */; };
		2FBFBA5B2A18AE23009144A6 /* TodoPostQuery.swift in Sources */ = {isa = PBXBuildFile; fileRef = 2FBFBA5A2A18AE23009144A6 /* TodoPostQuery.swift */; };
		2FBFBA5D2A18AE9C009144A6 /* FolderPostQuery.swift in Sources */ = {isa = PBXBuildFile; fileRef = 2FBFBA5C2A18AE9C009144A6 /* FolderPostQuery.swift */; };
		2FBFBA5F2A18AF0E009144A6 /* TodoUpdateQuery.swift in Sources */ = {isa = PBXBuildFile; fileRef = 2FBFBA5E2A18AF0E009144A6 /* TodoUpdateQuery.swift */; };
		2FBFBA612A18AFB9009144A6 /* UpdateFolderQuery.swift in Sources */ = {isa = PBXBuildFile; fileRef = 2FBFBA602A18AFB9009144A6 /* UpdateFolderQuery.swift */; };
		2FBFBA632A18B072009144A6 /* UpdateMemberQuery.swift in Sources */ = {isa = PBXBuildFile; fileRef = 2FBFBA622A18B072009144A6 /* UpdateMemberQuery.swift */; };
		2FBFBA652A18B10B009144A6 /* Todo.swift in Sources */ = {isa = PBXBuildFile; fileRef = 2FBFBA642A18B10B009144A6 /* Todo.swift */; };
		2FBFBA682A18B82C009144A6 /* BaseCollectionViewCell.swift in Sources */ = {isa = PBXBuildFile; fileRef = 2FBFBA672A18B82C009144A6 /* BaseCollectionViewCell.swift */; };
		2FC1D9B22A1772AB008032C0 /* StatusCodeResponseDTO.swift in Sources */ = {isa = PBXBuildFile; fileRef = 2FC1D9B12A1772AB008032C0 /* StatusCodeResponseDTO.swift */; };
		2FC1D9B42A1772B7008032C0 /* RegisterRequestDTO.swift in Sources */ = {isa = PBXBuildFile; fileRef = 2FC1D9B32A1772B7008032C0 /* RegisterRequestDTO.swift */; };
		2FC1D9BB2A1786F3008032C0 /* SnapKit in Frameworks */ = {isa = PBXBuildFile; productRef = 2FC1D9BA2A1786F3008032C0 /* SnapKit */; };
		2FCCCB392A172E7600C9B327 /* Service.swift in Sources */ = {isa = PBXBuildFile; fileRef = 2FCCCB382A172E7600C9B327 /* Service.swift */; };
		2FCCCB3D2A172F8800C9B327 /* RegisterRepositoryImpl.swift in Sources */ = {isa = PBXBuildFile; fileRef = 2FCCCB3C2A172F8800C9B327 /* RegisterRepositoryImpl.swift */; };
/* End PBXBuildFile section */

/* Begin PBXFileReference section */
		2F6D7D5F2A15B60D00FA457D /* SM_SoftwearEnginnering_iOS.app */ = {isa = PBXFileReference; explicitFileType = wrapper.application; includeInIndex = 0; path = SM_SoftwearEnginnering_iOS.app; sourceTree = BUILT_PRODUCTS_DIR; };
		2F6D7D622A15B60D00FA457D /* AppDelegate.swift */ = {isa = PBXFileReference; lastKnownFileType = sourcecode.swift; path = AppDelegate.swift; sourceTree = "<group>"; };
		2F6D7D642A15B60D00FA457D /* SceneDelegate.swift */ = {isa = PBXFileReference; lastKnownFileType = sourcecode.swift; path = SceneDelegate.swift; sourceTree = "<group>"; };
		2F6D7D6B2A15B60E00FA457D /* Assets.xcassets */ = {isa = PBXFileReference; lastKnownFileType = folder.assetcatalog; path = Assets.xcassets; sourceTree = "<group>"; };
		2F6D7D6E2A15B60E00FA457D /* Base */ = {isa = PBXFileReference; lastKnownFileType = file.storyboard; name = Base; path = Base.lproj/LaunchScreen.storyboard; sourceTree = "<group>"; };
		2F6D7D702A15B60E00FA457D /* Info.plist */ = {isa = PBXFileReference; lastKnownFileType = text.plist.xml; path = Info.plist; sourceTree = "<group>"; };
		2F6D7D762A15B66100FA457D /* .gitignore */ = {isa = PBXFileReference; lastKnownFileType = text; path = .gitignore; sourceTree = "<group>"; };
		2F6D7D8D2A15B98000FA457D /* APIKey.swift */ = {isa = PBXFileReference; lastKnownFileType = sourcecode.swift; path = APIKey.swift; sourceTree = "<group>"; };
		2F6D7D8F2A15B99700FA457D /* TargetType.swift */ = {isa = PBXFileReference; lastKnownFileType = sourcecode.swift; path = TargetType.swift; sourceTree = "<group>"; };
		2F6D7D912A15B9A700FA457D /* Router.swift */ = {isa = PBXFileReference; lastKnownFileType = sourcecode.swift; path = Router.swift; sourceTree = "<group>"; };
		2F6D7D932A15B9E200FA457D /* NetworkError.swift */ = {isa = PBXFileReference; lastKnownFileType = sourcecode.swift; path = NetworkError.swift; sourceTree = "<group>"; };
		2F6D7D9B2A15BB4D00FA457D /* NetworkMonitor.swift */ = {isa = PBXFileReference; lastKnownFileType = sourcecode.swift; path = NetworkMonitor.swift; sourceTree = "<group>"; };
		2F6D7D9D2A15BB9E00FA457D /* Coordinator.swift */ = {isa = PBXFileReference; lastKnownFileType = sourcecode.swift; path = Coordinator.swift; sourceTree = "<group>"; };
		2F6D7D9F2A15BBA500FA457D /* AppCoordinator.swift */ = {isa = PBXFileReference; lastKnownFileType = sourcecode.swift; path = AppCoordinator.swift; sourceTree = "<group>"; };
		2F6D7DA12A15BBB500FA457D /* CoordinatorDelegate.swift */ = {isa = PBXFileReference; lastKnownFileType = sourcecode.swift; path = CoordinatorDelegate.swift; sourceTree = "<group>"; };
		2F6D7DA32A15BBFA00FA457D /* CoordinatorStyleCase.swift */ = {isa = PBXFileReference; lastKnownFileType = sourcecode.swift; path = CoordinatorStyleCase.swift; sourceTree = "<group>"; };
		2F6D7DA92A15C13200FA457D /* AuthCoordinator.swift */ = {isa = PBXFileReference; lastKnownFileType = sourcecode.swift; path = AuthCoordinator.swift; sourceTree = "<group>"; };
		2F6D7DAD2A15C17800FA457D /* SignupViewModel.swift */ = {isa = PBXFileReference; lastKnownFileType = sourcecode.swift; path = SignupViewModel.swift; sourceTree = "<group>"; };
		2F6D7DAF2A15C17F00FA457D /* SignupViewController.swift */ = {isa = PBXFileReference; lastKnownFileType = sourcecode.swift; path = SignupViewController.swift; sourceTree = "<group>"; };
		2F6D7DB12A15C18600FA457D /* SignupView.swift */ = {isa = PBXFileReference; lastKnownFileType = sourcecode.swift; path = SignupView.swift; sourceTree = "<group>"; };
		2F6D7DB42A15C1D200FA457D /* ViewModelType.swift */ = {isa = PBXFileReference; lastKnownFileType = sourcecode.swift; path = ViewModelType.swift; sourceTree = "<group>"; };
		2F6D7DB62A15C23000FA457D /* BaseViewController.swift */ = {isa = PBXFileReference; lastKnownFileType = sourcecode.swift; path = BaseViewController.swift; sourceTree = "<group>"; };
		2F6D7DB82A15C23300FA457D /* BaseView.swift */ = {isa = PBXFileReference; lastKnownFileType = sourcecode.swift; path = BaseView.swift; sourceTree = "<group>"; };
		2F6D7DBD2A15C47700FA457D /* CustomTextField.swift */ = {isa = PBXFileReference; lastKnownFileType = sourcecode.swift; path = CustomTextField.swift; sourceTree = "<group>"; };
		2F6D7DBF2A15C4AC00FA457D /* UIColor + Extension.swift */ = {isa = PBXFileReference; lastKnownFileType = sourcecode.swift; path = "UIColor + Extension.swift"; sourceTree = "<group>"; };
		2F6D7DC42A15DC9000FA457D /* LoginViewModel.swift */ = {isa = PBXFileReference; lastKnownFileType = sourcecode.swift; path = LoginViewModel.swift; sourceTree = "<group>"; };
		2F6D7DC62A15DC9600FA457D /* LoginViewController.swift */ = {isa = PBXFileReference; lastKnownFileType = sourcecode.swift; path = LoginViewController.swift; sourceTree = "<group>"; };
		2F6D7DC82A15DC9900FA457D /* LoginView.swift */ = {isa = PBXFileReference; lastKnownFileType = sourcecode.swift; path = LoginView.swift; sourceTree = "<group>"; };
		2F6D7DCA2A15EF8D00FA457D /* CustomAlertView.swift */ = {isa = PBXFileReference; lastKnownFileType = sourcecode.swift; path = CustomAlertView.swift; sourceTree = "<group>"; };
		2F6D7DCF2A15F2CB00FA457D /* SignupAlertViewModel.swift */ = {isa = PBXFileReference; lastKnownFileType = sourcecode.swift; path = SignupAlertViewModel.swift; sourceTree = "<group>"; };
		2F6D7DD12A15F2D400FA457D /* SignupAlertViewController.swift */ = {isa = PBXFileReference; lastKnownFileType = sourcecode.swift; path = SignupAlertViewController.swift; sourceTree = "<group>"; };
		2F6D7DD52A15FAA100FA457D /* Combine + Extension.swift */ = {isa = PBXFileReference; lastKnownFileType = sourcecode.swift; path = "Combine + Extension.swift"; sourceTree = "<group>"; };
		2F6D7DD72A160A5800FA457D /* RegisterUseCase.swift */ = {isa = PBXFileReference; lastKnownFileType = sourcecode.swift; path = RegisterUseCase.swift; sourceTree = "<group>"; };
		2F6D7DD92A160AAA00FA457D /* HTTPMethod.swift */ = {isa = PBXFileReference; lastKnownFileType = sourcecode.swift; path = HTTPMethod.swift; sourceTree = "<group>"; };
		2F6D7DDD2A160DC500FA457D /* RegisterQuery.swift */ = {isa = PBXFileReference; lastKnownFileType = sourcecode.swift; path = RegisterQuery.swift; sourceTree = "<group>"; };
		2F6D7DE32A160F1F00FA457D /* RegisterRepositoryType.swift */ = {isa = PBXFileReference; lastKnownFileType = sourcecode.swift; path = RegisterRepositoryType.swift; sourceTree = "<group>"; };
		2FBDB10B2A1B12D9004A3B96 /* CreateFolderViewModel.swift */ = {isa = PBXFileReference; lastKnownFileType = sourcecode.swift; path = CreateFolderViewModel.swift; sourceTree = "<group>"; };
		2FBDB10D2A1B12DF004A3B96 /* CreateFolderView.swift */ = {isa = PBXFileReference; lastKnownFileType = sourcecode.swift; path = CreateFolderView.swift; sourceTree = "<group>"; };
		2FBDB10F2A1B12E5004A3B96 /* CreateFolderViewController.swift */ = {isa = PBXFileReference; lastKnownFileType = sourcecode.swift; path = CreateFolderViewController.swift; sourceTree = "<group>"; };
		2FBDB1112A1B24C4004A3B96 /* CreateFolderRepositoryType.swift */ = {isa = PBXFileReference; lastKnownFileType = sourcecode.swift; path = CreateFolderRepositoryType.swift; sourceTree = "<group>"; };
		2FBDB1132A1B2507004A3B96 /* CreateFolderUseCase.swift */ = {isa = PBXFileReference; lastKnownFileType = sourcecode.swift; path = CreateFolderUseCase.swift; sourceTree = "<group>"; };
		2FBDB1152A1B27A1004A3B96 /* CreateFolderRegistoryImpl.swift */ = {isa = PBXFileReference; lastKnownFileType = sourcecode.swift; path = CreateFolderRegistoryImpl.swift; sourceTree = "<group>"; };
		2FBDB1192A1B64E3004A3B96 /* DeleteFolderAlertViewController.swift */ = {isa = PBXFileReference; lastKnownFileType = sourcecode.swift; path = DeleteFolderAlertViewController.swift; sourceTree = "<group>"; };
		2FBDB11D2A1B64FD004A3B96 /* DeleteFolderAlertViewModel.swift */ = {isa = PBXFileReference; lastKnownFileType = sourcecode.swift; path = DeleteFolderAlertViewModel.swift; sourceTree = "<group>"; };
		2FBDB11F2A1B65EA004A3B96 /* CustomYesOrNoAlertView.swift */ = {isa = PBXFileReference; lastKnownFileType = sourcecode.swift; path = CustomYesOrNoAlertView.swift; sourceTree = "<group>"; };
		2FBDB1242A1B6A9F004A3B96 /* DetailTodoViewModel.swift */ = {isa = PBXFileReference; lastKnownFileType = sourcecode.swift; path = DetailTodoViewModel.swift; sourceTree = "<group>"; };
		2FBDB1262A1B6AA7004A3B96 /* DetailTodoViewController.swift */ = {isa = PBXFileReference; lastKnownFileType = sourcecode.swift; path = DetailTodoViewController.swift; sourceTree = "<group>"; };
		2FBDB1282A1B6ACF004A3B96 /* DetailTodoView.swift */ = {isa = PBXFileReference; lastKnownFileType = sourcecode.swift; path = DetailTodoView.swift; sourceTree = "<group>"; };
		2FBDB12F2A1B7DEE004A3B96 /* TodoListViewController.swift */ = {isa = PBXFileReference; lastKnownFileType = sourcecode.swift; path = TodoListViewController.swift; sourceTree = "<group>"; };
		2FBDB1312A1B7DF2004A3B96 /* TodoListView.swift */ = {isa = PBXFileReference; lastKnownFileType = sourcecode.swift; path = TodoListView.swift; sourceTree = "<group>"; };
		2FBDB1332A1B7DFB004A3B96 /* TodoListViewModel.swift */ = {isa = PBXFileReference; lastKnownFileType = sourcecode.swift; path = TodoListViewModel.swift; sourceTree = "<group>"; };
		2FBDB1352A1B837F004A3B96 /* BaseTodoCollectionViewCell.swift */ = {isa = PBXFileReference; lastKnownFileType = sourcecode.swift; path = BaseTodoCollectionViewCell.swift; sourceTree = "<group>"; };
		2FBFBA3C2A189B82009144A6 /* HomeViewController.swift */ = {isa = PBXFileReference; lastKnownFileType = sourcecode.swift; path = HomeViewController.swift; sourceTree = "<group>"; };
		2FBFBA3E2A189B85009144A6 /* HomeView.swift */ = {isa = PBXFileReference; lastKnownFileType = sourcecode.swift; path = HomeView.swift; sourceTree = "<group>"; };
		2FBFBA402A189B8D009144A6 /* HomeViewModel.swift */ = {isa = PBXFileReference; lastKnownFileType = sourcecode.swift; path = HomeViewModel.swift; sourceTree = "<group>"; };
		2FBFBA422A189BDB009144A6 /* CustomButton.swift */ = {isa = PBXFileReference; lastKnownFileType = sourcecode.swift; path = CustomButton.swift; sourceTree = "<group>"; };
		2FBFBA452A189E4E009144A6 /* MainCoordinator.swift */ = {isa = PBXFileReference; lastKnownFileType = sourcecode.swift; path = MainCoordinator.swift; sourceTree = "<group>"; };
		2FBFBA472A18A4B6009144A6 /* Folder.swift */ = {isa = PBXFileReference; lastKnownFileType = sourcecode.swift; path = Folder.swift; sourceTree = "<group>"; };
		2FBFBA492A18A51F009144A6 /* FolderResponseDto.swift */ = {isa = PBXFileReference; lastKnownFileType = sourcecode.swift; path = FolderResponseDto.swift; sourceTree = "<group>"; };
		2FBFBA4B2A18A5D7009144A6 /* TodoResponseDto.swift */ = {isa = PBXFileReference; lastKnownFileType = sourcecode.swift; path = TodoResponseDto.swift; sourceTree = "<group>"; };
		2FBFBA4D2A18A66B009144A6 /* TodoPostDto.swift */ = {isa = PBXFileReference; lastKnownFileType = sourcecode.swift; path = TodoPostDto.swift; sourceTree = "<group>"; };
		2FBFBA4F2A18ABA7009144A6 /* FolderPostDto.swift */ = {isa = PBXFileReference; lastKnownFileType = sourcecode.swift; path = FolderPostDto.swift; sourceTree = "<group>"; };
		2FBFBA522A18AC28009144A6 /* Color.swift */ = {isa = PBXFileReference; lastKnownFileType = sourcecode.swift; path = Color.swift; sourceTree = "<group>"; };
		2FBFBA542A18ACFF009144A6 /* TodoUpdateDto.swift */ = {isa = PBXFileReference; lastKnownFileType = sourcecode.swift; path = TodoUpdateDto.swift; sourceTree = "<group>"; };
		2FBFBA562A18AD46009144A6 /* UpdateFolderDto.swift */ = {isa = PBXFileReference; lastKnownFileType = sourcecode.swift; path = UpdateFolderDto.swift; sourceTree = "<group>"; };
		2FBFBA582A18AD74009144A6 /* UpdateMemberDto.swift */ = {isa = PBXFileReference; lastKnownFileType = sourcecode.swift; path = UpdateMemberDto.swift; sourceTree = "<group>"; };
		2FBFBA5A2A18AE23009144A6 /* TodoPostQuery.swift */ = {isa = PBXFileReference; lastKnownFileType = sourcecode.swift; path = TodoPostQuery.swift; sourceTree = "<group>"; };
		2FBFBA5C2A18AE9C009144A6 /* FolderPostQuery.swift */ = {isa = PBXFileReference; lastKnownFileType = sourcecode.swift; path = FolderPostQuery.swift; sourceTree = "<group>"; };
		2FBFBA5E2A18AF0E009144A6 /* TodoUpdateQuery.swift */ = {isa = PBXFileReference; lastKnownFileType = sourcecode.swift; path = TodoUpdateQuery.swift; sourceTree = "<group>"; };
		2FBFBA602A18AFB9009144A6 /* UpdateFolderQuery.swift */ = {isa = PBXFileReference; lastKnownFileType = sourcecode.swift; path = UpdateFolderQuery.swift; sourceTree = "<group>"; };
		2FBFBA622A18B072009144A6 /* UpdateMemberQuery.swift */ = {isa = PBXFileReference; lastKnownFileType = sourcecode.swift; path = UpdateMemberQuery.swift; sourceTree = "<group>"; };
		2FBFBA642A18B10B009144A6 /* Todo.swift */ = {isa = PBXFileReference; lastKnownFileType = sourcecode.swift; path = Todo.swift; sourceTree = "<group>"; };
		2FBFBA672A18B82C009144A6 /* BaseCollectionViewCell.swift */ = {isa = PBXFileReference; lastKnownFileType = sourcecode.swift; path = BaseCollectionViewCell.swift; sourceTree = "<group>"; };
		2FC1D9B12A1772AB008032C0 /* StatusCodeResponseDTO.swift */ = {isa = PBXFileReference; lastKnownFileType = sourcecode.swift; path = StatusCodeResponseDTO.swift; sourceTree = "<group>"; };
		2FC1D9B32A1772B7008032C0 /* RegisterRequestDTO.swift */ = {isa = PBXFileReference; lastKnownFileType = sourcecode.swift; path = RegisterRequestDTO.swift; sourceTree = "<group>"; };
		2FCCCB382A172E7600C9B327 /* Service.swift */ = {isa = PBXFileReference; lastKnownFileType = sourcecode.swift; path = Service.swift; sourceTree = "<group>"; };
		2FCCCB3C2A172F8800C9B327 /* RegisterRepositoryImpl.swift */ = {isa = PBXFileReference; lastKnownFileType = sourcecode.swift; path = RegisterRepositoryImpl.swift; sourceTree = "<group>"; };
/* End PBXFileReference section */

/* Begin PBXFrameworksBuildPhase section */
		2F6D7D5C2A15B60D00FA457D /* Frameworks */ = {
			isa = PBXFrameworksBuildPhase;
			buildActionMask = 2147483647;
			files = (
				2FC1D9BB2A1786F3008032C0 /* SnapKit in Frameworks */,
			);
			runOnlyForDeploymentPostprocessing = 0;
		};
/* End PBXFrameworksBuildPhase section */

/* Begin PBXGroup section */
		2F6D7D562A15B60D00FA457D = {
			isa = PBXGroup;
			children = (
				2F6D7D762A15B66100FA457D /* .gitignore */,
				2F6D7D612A15B60D00FA457D /* SM_SoftwearEnginnering_iOS */,
				2F6D7D602A15B60D00FA457D /* Products */,
			);
			sourceTree = "<group>";
		};
		2F6D7D602A15B60D00FA457D /* Products */ = {
			isa = PBXGroup;
			children = (
				2F6D7D5F2A15B60D00FA457D /* SM_SoftwearEnginnering_iOS.app */,
			);
			name = Products;
			sourceTree = "<group>";
		};
		2F6D7D612A15B60D00FA457D /* SM_SoftwearEnginnering_iOS */ = {
			isa = PBXGroup;
			children = (
				2F6D7D782A15B7FB00FA457D /* Sources */,
				2F6D7D7A2A15B80800FA457D /* Resources */,
				2F6D7D792A15B80000FA457D /* Supportings */,
			);
			path = SM_SoftwearEnginnering_iOS;
			sourceTree = "<group>";
		};
		2F6D7D782A15B7FB00FA457D /* Sources */ = {
			isa = PBXGroup;
			children = (
				2F6D7D7B2A15B82300FA457D /* Application */,
				2F6D7D7F2A15B83700FA457D /* Presents */,
				2F6D7D7E2A15B83400FA457D /* Data */,
				2F6D7D7D2A15B83200FA457D /* Domain */,
				2F6D7D7C2A15B82E00FA457D /* Utills */,
			);
			path = Sources;
			sourceTree = "<group>";
		};
		2F6D7D792A15B80000FA457D /* Supportings */ = {
			isa = PBXGroup;
			children = (
				2F6D7D702A15B60E00FA457D /* Info.plist */,
			);
			path = Supportings;
			sourceTree = "<group>";
		};
		2F6D7D7A2A15B80800FA457D /* Resources */ = {
			isa = PBXGroup;
			children = (
				2F6D7D822A15B85D00FA457D /* Storyboard */,
				2F6D7D812A15B84A00FA457D /* Asset */,
				2F6D7D802A15B84700FA457D /* Font */,
			);
			path = Resources;
			sourceTree = "<group>";
		};
		2F6D7D7B2A15B82300FA457D /* Application */ = {
			isa = PBXGroup;
			children = (
				2F6D7D832A15B87400FA457D /* Coordinator */,
				2F6D7D622A15B60D00FA457D /* AppDelegate.swift */,
				2F6D7D642A15B60D00FA457D /* SceneDelegate.swift */,
			);
			path = Application;
			sourceTree = "<group>";
		};
		2F6D7D7C2A15B82E00FA457D /* Utills */ = {
			isa = PBXGroup;
			children = (
				2FBFBA512A18AC11009144A6 /* Enum */,
				2F6D7DB32A15C1C800FA457D /* Protocol */,
				2F6D7D9A2A15BA3300FA457D /* Bases */,
				2F6D7D992A15BA2F00FA457D /* Extensions */,
				2F6D7D982A15BA2B00FA457D /* Custom */,
			);
			path = Utills;
			sourceTree = "<group>";
		};
		2F6D7D7D2A15B83200FA457D /* Domain */ = {
			isa = PBXGroup;
			children = (
				2F6D7D972A15B9FC00FA457D /* Interfaces */,
				2F6D7D962A15B9F700FA457D /* UseCases */,
				2F6D7D952A15B9F000FA457D /* Entities */,
			);
			path = Domain;
			sourceTree = "<group>";
		};
		2F6D7D7E2A15B83400FA457D /* Data */ = {
			isa = PBXGroup;
			children = (
				2F6D7D852A15B8AC00FA457D /* Network */,
			);
			path = Data;
			sourceTree = "<group>";
		};
		2F6D7D7F2A15B83700FA457D /* Presents */ = {
			isa = PBXGroup;
			children = (
				2F6D7DA52A15C0B700FA457D /* Auth */,
				2F6D7DA62A15C0E900FA457D /* Main */,
			);
			path = Presents;
			sourceTree = "<group>";
		};
		2F6D7D802A15B84700FA457D /* Font */ = {
			isa = PBXGroup;
			children = (
			);
			path = Font;
			sourceTree = "<group>";
		};
		2F6D7D812A15B84A00FA457D /* Asset */ = {
			isa = PBXGroup;
			children = (
				2F6D7D6B2A15B60E00FA457D /* Assets.xcassets */,
			);
			path = Asset;
			sourceTree = "<group>";
		};
		2F6D7D822A15B85D00FA457D /* Storyboard */ = {
			isa = PBXGroup;
			children = (
				2F6D7D6D2A15B60E00FA457D /* LaunchScreen.storyboard */,
			);
			path = Storyboard;
			sourceTree = "<group>";
		};
		2F6D7D832A15B87400FA457D /* Coordinator */ = {
			isa = PBXGroup;
			children = (
				2F6D7D9D2A15BB9E00FA457D /* Coordinator.swift */,
				2F6D7D9F2A15BBA500FA457D /* AppCoordinator.swift */,
				2F6D7DA12A15BBB500FA457D /* CoordinatorDelegate.swift */,
				2F6D7DA32A15BBFA00FA457D /* CoordinatorStyleCase.swift */,
			);
			path = Coordinator;
			sourceTree = "<group>";
		};
		2F6D7D852A15B8AC00FA457D /* Network */ = {
			isa = PBXGroup;
			children = (
				2F6D7D882A15B8CD00FA457D /* Service */,
				2F6D7D872A15B8C700FA457D /* Monitor */,
			);
			path = Network;
			sourceTree = "<group>";
		};
		2F6D7D872A15B8C700FA457D /* Monitor */ = {
			isa = PBXGroup;
			children = (
				2F6D7D9B2A15BB4D00FA457D /* NetworkMonitor.swift */,
			);
			path = Monitor;
			sourceTree = "<group>";
		};
		2F6D7D882A15B8CD00FA457D /* Service */ = {
			isa = PBXGroup;
			children = (
				2FCCCB3B2A172F5700C9B327 /* RepositoryImpl */,
				2FCCCB3A2A172F3E00C9B327 /* RequestDTO */,
				2F6D7D892A15B8DA00FA457D /* ResponseDTO */,
				2F6D7D8D2A15B98000FA457D /* APIKey.swift */,
				2F6D7D8F2A15B99700FA457D /* TargetType.swift */,
				2F6D7D932A15B9E200FA457D /* NetworkError.swift */,
				2F6D7D912A15B9A700FA457D /* Router.swift */,
				2FCCCB382A172E7600C9B327 /* Service.swift */,
				2F6D7DD92A160AAA00FA457D /* HTTPMethod.swift */,
			);
			path = Service;
			sourceTree = "<group>";
		};
		2F6D7D892A15B8DA00FA457D /* ResponseDTO */ = {
			isa = PBXGroup;
			children = (
				2FC1D9B12A1772AB008032C0 /* StatusCodeResponseDTO.swift */,
				2FBFBA492A18A51F009144A6 /* FolderResponseDto.swift */,
				2FBFBA4B2A18A5D7009144A6 /* TodoResponseDto.swift */,
			);
			path = ResponseDTO;
			sourceTree = "<group>";
		};
		2F6D7D952A15B9F000FA457D /* Entities */ = {
			isa = PBXGroup;
			children = (
				2F6D7DDC2A160DB100FA457D /* Request */,
				2F6D7DDB2A160C9900FA457D /* Response */,
			);
			path = Entities;
			sourceTree = "<group>";
		};
		2F6D7D962A15B9F700FA457D /* UseCases */ = {
			isa = PBXGroup;
			children = (
				2F6D7DD72A160A5800FA457D /* RegisterUseCase.swift */,
				2FBDB1132A1B2507004A3B96 /* CreateFolderUseCase.swift */,
			);
			path = UseCases;
			sourceTree = "<group>";
		};
		2F6D7D972A15B9FC00FA457D /* Interfaces */ = {
			isa = PBXGroup;
			children = (
				2F6D7DE32A160F1F00FA457D /* RegisterRepositoryType.swift */,
				2FBDB1112A1B24C4004A3B96 /* CreateFolderRepositoryType.swift */,
			);
			path = Interfaces;
			sourceTree = "<group>";
		};
		2F6D7D982A15BA2B00FA457D /* Custom */ = {
			isa = PBXGroup;
			children = (
				2F6D7DBD2A15C47700FA457D /* CustomTextField.swift */,
				2F6D7DCA2A15EF8D00FA457D /* CustomAlertView.swift */,
				2FBFBA422A189BDB009144A6 /* CustomButton.swift */,
				2FBDB11F2A1B65EA004A3B96 /* CustomYesOrNoAlertView.swift */,
			);
			path = Custom;
			sourceTree = "<group>";
		};
		2F6D7D992A15BA2F00FA457D /* Extensions */ = {
			isa = PBXGroup;
			children = (
				2F6D7DBF2A15C4AC00FA457D /* UIColor + Extension.swift */,
				2F6D7DD52A15FAA100FA457D /* Combine + Extension.swift */,
			);
			path = Extensions;
			sourceTree = "<group>";
		};
		2F6D7D9A2A15BA3300FA457D /* Bases */ = {
			isa = PBXGroup;
			children = (
				2F6D7DB62A15C23000FA457D /* BaseViewController.swift */,
				2F6D7DB82A15C23300FA457D /* BaseView.swift */,
				2FBFBA672A18B82C009144A6 /* BaseCollectionViewCell.swift */,
				2FBDB1352A1B837F004A3B96 /* BaseTodoCollectionViewCell.swift */,
			);
			path = Bases;
			sourceTree = "<group>";
		};
		2F6D7DA52A15C0B700FA457D /* Auth */ = {
			isa = PBXGroup;
			children = (
				2F6D7DA72A15C10200FA457D /* Coordinator */,
				2F6D7DA82A15C10800FA457D /* Signup */,
				2F6D7DC12A15DC5B00FA457D /* Login */,
				2F6D7DCC2A15F2A100FA457D /* SignupAlert */,
			);
			path = Auth;
			sourceTree = "<group>";
		};
		2F6D7DA62A15C0E900FA457D /* Main */ = {
			isa = PBXGroup;
			children = (
				2FBFBA442A189E40009144A6 /* Coordinator */,
				2FBFBA3A2A189B6C009144A6 /* Home */,
				2FBDB1062A1B12B0004A3B96 /* CreateFolder */,
				2FBDB1172A1B64BC004A3B96 /* DeleteFolderAlert */,
				2FBDB1212A1B6A78004A3B96 /* DetailTodo */,
				2FBDB12C2A1B7DC9004A3B96 /* TodoList */,
			);
			path = Main;
			sourceTree = "<group>";
		};
		2F6D7DA72A15C10200FA457D /* Coordinator */ = {
			isa = PBXGroup;
			children = (
				2F6D7DA92A15C13200FA457D /* AuthCoordinator.swift */,
			);
			path = Coordinator;
			sourceTree = "<group>";
		};
		2F6D7DA82A15C10800FA457D /* Signup */ = {
			isa = PBXGroup;
			children = (
				2F6D7DAB2A15C16100FA457D /* ViewModel */,
				2F6D7DAC2A15C16F00FA457D /* View */,
			);
			path = Signup;
			sourceTree = "<group>";
		};
		2F6D7DAB2A15C16100FA457D /* ViewModel */ = {
			isa = PBXGroup;
			children = (
				2F6D7DAD2A15C17800FA457D /* SignupViewModel.swift */,
			);
			path = ViewModel;
			sourceTree = "<group>";
		};
		2F6D7DAC2A15C16F00FA457D /* View */ = {
			isa = PBXGroup;
			children = (
				2F6D7DAF2A15C17F00FA457D /* SignupViewController.swift */,
				2F6D7DB12A15C18600FA457D /* SignupView.swift */,
			);
			path = View;
			sourceTree = "<group>";
		};
		2F6D7DB32A15C1C800FA457D /* Protocol */ = {
			isa = PBXGroup;
			children = (
				2F6D7DB42A15C1D200FA457D /* ViewModelType.swift */,
			);
			path = Protocol;
			sourceTree = "<group>";
		};
		2F6D7DC12A15DC5B00FA457D /* Login */ = {
			isa = PBXGroup;
			children = (
				2F6D7DC22A15DC8400FA457D /* ViewModel */,
				2F6D7DC32A15DC8700FA457D /* View */,
			);
			path = Login;
			sourceTree = "<group>";
		};
		2F6D7DC22A15DC8400FA457D /* ViewModel */ = {
			isa = PBXGroup;
			children = (
				2F6D7DC42A15DC9000FA457D /* LoginViewModel.swift */,
			);
			path = ViewModel;
			sourceTree = "<group>";
		};
		2F6D7DC32A15DC8700FA457D /* View */ = {
			isa = PBXGroup;
			children = (
				2F6D7DC62A15DC9600FA457D /* LoginViewController.swift */,
				2F6D7DC82A15DC9900FA457D /* LoginView.swift */,
			);
			path = View;
			sourceTree = "<group>";
		};
		2F6D7DCC2A15F2A100FA457D /* SignupAlert */ = {
			isa = PBXGroup;
			children = (
				2F6D7DCD2A15F2B300FA457D /* ViewModel */,
				2F6D7DCE2A15F2BC00FA457D /* View */,
			);
			path = SignupAlert;
			sourceTree = "<group>";
		};
		2F6D7DCD2A15F2B300FA457D /* ViewModel */ = {
			isa = PBXGroup;
			children = (
				2F6D7DCF2A15F2CB00FA457D /* SignupAlertViewModel.swift */,
			);
			path = ViewModel;
			sourceTree = "<group>";
		};
		2F6D7DCE2A15F2BC00FA457D /* View */ = {
			isa = PBXGroup;
			children = (
				2F6D7DD12A15F2D400FA457D /* SignupAlertViewController.swift */,
			);
			path = View;
			sourceTree = "<group>";
		};
		2F6D7DDB2A160C9900FA457D /* Response */ = {
			isa = PBXGroup;
			children = (
				2FBFBA472A18A4B6009144A6 /* Folder.swift */,
				2FBFBA642A18B10B009144A6 /* Todo.swift */,
			);
			path = Response;
			sourceTree = "<group>";
		};
		2F6D7DDC2A160DB100FA457D /* Request */ = {
			isa = PBXGroup;
			children = (
				2F6D7DDD2A160DC500FA457D /* RegisterQuery.swift */,
				2FBFBA5A2A18AE23009144A6 /* TodoPostQuery.swift */,
				2FBFBA5C2A18AE9C009144A6 /* FolderPostQuery.swift */,
				2FBFBA5E2A18AF0E009144A6 /* TodoUpdateQuery.swift */,
				2FBFBA602A18AFB9009144A6 /* UpdateFolderQuery.swift */,
				2FBFBA622A18B072009144A6 /* UpdateMemberQuery.swift */,
			);
			path = Request;
			sourceTree = "<group>";
		};
		2FBDB1062A1B12B0004A3B96 /* CreateFolder */ = {
			isa = PBXGroup;
			children = (
				2FBDB10A2A1B12C5004A3B96 /* ViewModel */,
				2FBDB1092A1B12BE004A3B96 /* View */,
			);
			path = CreateFolder;
			sourceTree = "<group>";
		};
		2FBDB1092A1B12BE004A3B96 /* View */ = {
			isa = PBXGroup;
			children = (
				2FBDB10D2A1B12DF004A3B96 /* CreateFolderView.swift */,
				2FBDB10F2A1B12E5004A3B96 /* CreateFolderViewController.swift */,
			);
			path = View;
			sourceTree = "<group>";
		};
		2FBDB10A2A1B12C5004A3B96 /* ViewModel */ = {
			isa = PBXGroup;
			children = (
				2FBDB10B2A1B12D9004A3B96 /* CreateFolderViewModel.swift */,
			);
			path = ViewModel;
			sourceTree = "<group>";
		};
		2FBDB1172A1B64BC004A3B96 /* DeleteFolderAlert */ = {
			isa = PBXGroup;
			children = (
				2FBDB11C2A1B64F1004A3B96 /* View */,
				2FBDB11B2A1B64ED004A3B96 /* ViewModel */,
			);
			path = DeleteFolderAlert;
			sourceTree = "<group>";
		};
		2FBDB11B2A1B64ED004A3B96 /* ViewModel */ = {
			isa = PBXGroup;
			children = (
				2FBDB11D2A1B64FD004A3B96 /* DeleteFolderAlertViewModel.swift */,
			);
			path = ViewModel;
			sourceTree = "<group>";
		};
		2FBDB11C2A1B64F1004A3B96 /* View */ = {
			isa = PBXGroup;
			children = (
				2FBDB1192A1B64E3004A3B96 /* DeleteFolderAlertViewController.swift */,
			);
			path = View;
			sourceTree = "<group>";
		};
		2FBDB1212A1B6A78004A3B96 /* DetailTodo */ = {
			isa = PBXGroup;
			children = (
				2FBDB1232A1B6A8F004A3B96 /* ViewModel */,
				2FBDB1222A1B6A8B004A3B96 /* View */,
			);
			path = DetailTodo;
			sourceTree = "<group>";
		};
		2FBDB1222A1B6A8B004A3B96 /* View */ = {
			isa = PBXGroup;
			children = (
				2FBDB1262A1B6AA7004A3B96 /* DetailTodoViewController.swift */,
				2FBDB1282A1B6ACF004A3B96 /* DetailTodoView.swift */,
			);
			path = View;
			sourceTree = "<group>";
		};
		2FBDB1232A1B6A8F004A3B96 /* ViewModel */ = {
			isa = PBXGroup;
			children = (
				2FBDB1242A1B6A9F004A3B96 /* DetailTodoViewModel.swift */,
			);
			path = ViewModel;
			sourceTree = "<group>";
		};
		2FBDB12C2A1B7DC9004A3B96 /* TodoList */ = {
			isa = PBXGroup;
			children = (
				2FBDB12E2A1B7DE6004A3B96 /* View */,
				2FBDB12D2A1B7DE3004A3B96 /* ViewModel */,
			);
			path = TodoList;
			sourceTree = "<group>";
		};
		2FBDB12D2A1B7DE3004A3B96 /* ViewModel */ = {
			isa = PBXGroup;
			children = (
				2FBDB1332A1B7DFB004A3B96 /* TodoListViewModel.swift */,
			);
			path = ViewModel;
			sourceTree = "<group>";
		};
		2FBDB12E2A1B7DE6004A3B96 /* View */ = {
			isa = PBXGroup;
			children = (
				2FBDB12F2A1B7DEE004A3B96 /* TodoListViewController.swift */,
				2FBDB1312A1B7DF2004A3B96 /* TodoListView.swift */,
			);
			path = View;
			sourceTree = "<group>";
		};
		2FBFBA392A189B60009144A6 /* ViewModel */ = {
			isa = PBXGroup;
			children = (
				2FBFBA402A189B8D009144A6 /* HomeViewModel.swift */,
			);
			path = ViewModel;
			sourceTree = "<group>";
		};
		2FBFBA3A2A189B6C009144A6 /* Home */ = {
			isa = PBXGroup;
			children = (
				2FBFBA3B2A189B79009144A6 /* View */,
				2FBFBA392A189B60009144A6 /* ViewModel */,
			);
			path = Home;
			sourceTree = "<group>";
		};
		2FBFBA3B2A189B79009144A6 /* View */ = {
			isa = PBXGroup;
			children = (
				2FBFBA3C2A189B82009144A6 /* HomeViewController.swift */,
				2FBFBA3E2A189B85009144A6 /* HomeView.swift */,
			);
			path = View;
			sourceTree = "<group>";
		};
		2FBFBA442A189E40009144A6 /* Coordinator */ = {
			isa = PBXGroup;
			children = (
				2FBFBA452A189E4E009144A6 /* MainCoordinator.swift */,
			);
			path = Coordinator;
			sourceTree = "<group>";
		};
		2FBFBA512A18AC11009144A6 /* Enum */ = {
			isa = PBXGroup;
			children = (
				2FBFBA522A18AC28009144A6 /* Color.swift */,
			);
			path = Enum;
			sourceTree = "<group>";
		};
		2FCCCB3A2A172F3E00C9B327 /* RequestDTO */ = {
			isa = PBXGroup;
			children = (
				2FC1D9B32A1772B7008032C0 /* RegisterRequestDTO.swift */,
				2FBFBA4D2A18A66B009144A6 /* TodoPostDto.swift */,
				2FBFBA4F2A18ABA7009144A6 /* FolderPostDto.swift */,
				2FBFBA542A18ACFF009144A6 /* TodoUpdateDto.swift */,
				2FBFBA562A18AD46009144A6 /* UpdateFolderDto.swift */,
				2FBFBA582A18AD74009144A6 /* UpdateMemberDto.swift */,
			);
			path = RequestDTO;
			sourceTree = "<group>";
		};
		2FCCCB3B2A172F5700C9B327 /* RepositoryImpl */ = {
			isa = PBXGroup;
			children = (
				2FCCCB3C2A172F8800C9B327 /* RegisterRepositoryImpl.swift */,
				2FBDB1152A1B27A1004A3B96 /* CreateFolderRegistoryImpl.swift */,
			);
			path = RepositoryImpl;
			sourceTree = "<group>";
		};
/* End PBXGroup section */

/* Begin PBXNativeTarget section */
		2F6D7D5E2A15B60D00FA457D /* SM_SoftwearEnginnering_iOS */ = {
			isa = PBXNativeTarget;
			buildConfigurationList = 2F6D7D732A15B60E00FA457D /* Build configuration list for PBXNativeTarget "SM_SoftwearEnginnering_iOS" */;
			buildPhases = (
				2F6D7D5B2A15B60D00FA457D /* Sources */,
				2F6D7D5C2A15B60D00FA457D /* Frameworks */,
				2F6D7D5D2A15B60D00FA457D /* Resources */,
			);
			buildRules = (
			);
			dependencies = (
			);
			name = SM_SoftwearEnginnering_iOS;
			packageProductDependencies = (
				2FC1D9BA2A1786F3008032C0 /* SnapKit */,
			);
			productName = SM_SoftwearEnginnering_iOS;
			productReference = 2F6D7D5F2A15B60D00FA457D /* SM_SoftwearEnginnering_iOS.app */;
			productType = "com.apple.product-type.application";
		};
/* End PBXNativeTarget section */

/* Begin PBXProject section */
		2F6D7D572A15B60D00FA457D /* Project object */ = {
			isa = PBXProject;
			attributes = {
				BuildIndependentTargetsInParallel = 1;
				LastSwiftUpdateCheck = 1430;
				LastUpgradeCheck = 1430;
				TargetAttributes = {
					2F6D7D5E2A15B60D00FA457D = {
						CreatedOnToolsVersion = 14.3;
					};
				};
			};
			buildConfigurationList = 2F6D7D5A2A15B60D00FA457D /* Build configuration list for PBXProject "SM_SoftwearEnginnering_iOS" */;
			compatibilityVersion = "Xcode 14.0";
			developmentRegion = en;
			hasScannedForEncodings = 0;
			knownRegions = (
				en,
				Base,
			);
			mainGroup = 2F6D7D562A15B60D00FA457D;
			packageReferences = (
				2FC1D9B92A1786F3008032C0 /* XCRemoteSwiftPackageReference "SnapKit" */,
			);
			productRefGroup = 2F6D7D602A15B60D00FA457D /* Products */;
			projectDirPath = "";
			projectRoot = "";
			targets = (
				2F6D7D5E2A15B60D00FA457D /* SM_SoftwearEnginnering_iOS */,
			);
		};
/* End PBXProject section */

/* Begin PBXResourcesBuildPhase section */
		2F6D7D5D2A15B60D00FA457D /* Resources */ = {
			isa = PBXResourcesBuildPhase;
			buildActionMask = 2147483647;
			files = (
				2F6D7D772A15B66100FA457D /* .gitignore in Resources */,
				2F6D7D6F2A15B60E00FA457D /* LaunchScreen.storyboard in Resources */,
				2F6D7D6C2A15B60E00FA457D /* Assets.xcassets in Resources */,
			);
			runOnlyForDeploymentPostprocessing = 0;
		};
/* End PBXResourcesBuildPhase section */

/* Begin PBXSourcesBuildPhase section */
		2F6D7D5B2A15B60D00FA457D /* Sources */ = {
			isa = PBXSourcesBuildPhase;
			buildActionMask = 2147483647;
			files = (
				2FBFBA4A2A18A51F009144A6 /* FolderResponseDto.swift in Sources */,
				2FBFBA682A18B82C009144A6 /* BaseCollectionViewCell.swift in Sources */,
				2FBDB1342A1B7DFB004A3B96 /* TodoListViewModel.swift in Sources */,
				2F6D7D9E2A15BB9E00FA457D /* Coordinator.swift in Sources */,
				2FBDB1302A1B7DEE004A3B96 /* TodoListViewController.swift in Sources */,
				2F6D7D902A15B99700FA457D /* TargetType.swift in Sources */,
				2FBDB1162A1B27A1004A3B96 /* CreateFolderRegistoryImpl.swift in Sources */,
				2FBDB10C2A1B12D9004A3B96 /* CreateFolderViewModel.swift in Sources */,
				2F6D7DD82A160A5800FA457D /* RegisterUseCase.swift in Sources */,
				2F6D7DA42A15BBFA00FA457D /* CoordinatorStyleCase.swift in Sources */,
				2FBFBA612A18AFB9009144A6 /* UpdateFolderQuery.swift in Sources */,
				2F6D7D942A15B9E200FA457D /* NetworkError.swift in Sources */,
				2FC1D9B42A1772B7008032C0 /* RegisterRequestDTO.swift in Sources */,
				2FBFBA5F2A18AF0E009144A6 /* TodoUpdateQuery.swift in Sources */,
				2F6D7DC92A15DC9900FA457D /* LoginView.swift in Sources */,
				2F6D7DA22A15BBB500FA457D /* CoordinatorDelegate.swift in Sources */,
				2F6D7DCB2A15EF8D00FA457D /* CustomAlertView.swift in Sources */,
				2FBDB1202A1B65EA004A3B96 /* CustomYesOrNoAlertView.swift in Sources */,
				2F6D7DBE2A15C47700FA457D /* CustomTextField.swift in Sources */,
				2F6D7DDE2A160DC500FA457D /* RegisterQuery.swift in Sources */,
				2F6D7D632A15B60D00FA457D /* AppDelegate.swift in Sources */,
				2F6D7D8E2A15B98000FA457D /* APIKey.swift in Sources */,
				2F6D7DB72A15C23000FA457D /* BaseViewController.swift in Sources */,
				2F6D7DC02A15C4AC00FA457D /* UIColor + Extension.swift in Sources */,
				2F6D7DE42A160F1F00FA457D /* RegisterRepositoryType.swift in Sources */,
				2FBDB11A2A1B64E3004A3B96 /* DeleteFolderAlertViewController.swift in Sources */,
				2F6D7DC72A15DC9600FA457D /* LoginViewController.swift in Sources */,
				2F6D7DD62A15FAA100FA457D /* Combine + Extension.swift in Sources */,
				2F6D7DAE2A15C17800FA457D /* SignupViewModel.swift in Sources */,
				2FBFBA412A189B8D009144A6 /* HomeViewModel.swift in Sources */,
				2FBFBA632A18B072009144A6 /* UpdateMemberQuery.swift in Sources */,
				2FBDB11E2A1B64FD004A3B96 /* DeleteFolderAlertViewModel.swift in Sources */,
				2F6D7DB02A15C17F00FA457D /* SignupViewController.swift in Sources */,
				2FBDB1322A1B7DF2004A3B96 /* TodoListView.swift in Sources */,
				2FBFBA572A18AD46009144A6 /* UpdateFolderDto.swift in Sources */,
				2FBDB1272A1B6AA7004A3B96 /* DetailTodoViewController.swift in Sources */,
				2F6D7DDA2A160AAA00FA457D /* HTTPMethod.swift in Sources */,
				2FBFBA4E2A18A66B009144A6 /* TodoPostDto.swift in Sources */,
				2FBFBA5D2A18AE9C009144A6 /* FolderPostQuery.swift in Sources */,
				2FBDB1102A1B12E5004A3B96 /* CreateFolderViewController.swift in Sources */,
				2F6D7DB22A15C18600FA457D /* SignupView.swift in Sources */,
				2FBFBA532A18AC28009144A6 /* Color.swift in Sources */,
				2FBDB1292A1B6ACF004A3B96 /* DetailTodoView.swift in Sources */,
				2F6D7D922A15B9A700FA457D /* Router.swift in Sources */,
				2FBFBA3F2A189B85009144A6 /* HomeView.swift in Sources */,
				2FBFBA502A18ABA7009144A6 /* FolderPostDto.swift in Sources */,
				2FBDB1252A1B6A9F004A3B96 /* DetailTodoViewModel.swift in Sources */,
				2FBFBA3D2A189B82009144A6 /* HomeViewController.swift in Sources */,
				2FBFBA4C2A18A5D7009144A6 /* TodoResponseDto.swift in Sources */,
				2FBFBA432A189BDB009144A6 /* CustomButton.swift in Sources */,
				2F6D7DA02A15BBA500FA457D /* AppCoordinator.swift in Sources */,
				2F6D7DB52A15C1D200FA457D /* ViewModelType.swift in Sources */,
				2F6D7DD02A15F2CB00FA457D /* SignupAlertViewModel.swift in Sources */,
				2FBDB10E2A1B12DF004A3B96 /* CreateFolderView.swift in Sources */,
				2FCCCB392A172E7600C9B327 /* Service.swift in Sources */,
				2F6D7D652A15B60D00FA457D /* SceneDelegate.swift in Sources */,
				2F6D7DB92A15C23300FA457D /* BaseView.swift in Sources */,
				2FBFBA462A189E4E009144A6 /* MainCoordinator.swift in Sources */,
				2FBFBA652A18B10B009144A6 /* Todo.swift in Sources */,
				2FBFBA552A18ACFF009144A6 /* TodoUpdateDto.swift in Sources */,
				2FBFBA592A18AD74009144A6 /* UpdateMemberDto.swift in Sources */,
				2F6D7DAA2A15C13200FA457D /* AuthCoordinator.swift in Sources */,
				2FBDB1142A1B2507004A3B96 /* CreateFolderUseCase.swift in Sources */,
				2F6D7DD22A15F2D400FA457D /* SignupAlertViewController.swift in Sources */,
				2FCCCB3D2A172F8800C9B327 /* RegisterRepositoryImpl.swift in Sources */,
				2FC1D9B22A1772AB008032C0 /* StatusCodeResponseDTO.swift in Sources */,
				2FBFBA482A18A4B6009144A6 /* Folder.swift in Sources */,
				2F6D7D9C2A15BB4D00FA457D /* NetworkMonitor.swift in Sources */,
				2FBFBA5B2A18AE23009144A6 /* TodoPostQuery.swift in Sources */,
				2F6D7DC52A15DC9000FA457D /* LoginViewModel.swift in Sources */,
				2FBDB1362A1B837F004A3B96 /* BaseTodoCollectionViewCell.swift in Sources */,
				2FBDB1122A1B24C4004A3B96 /* CreateFolderRepositoryType.swift in Sources */,
			);
			runOnlyForDeploymentPostprocessing = 0;
		};
/* End PBXSourcesBuildPhase section */

/* Begin PBXVariantGroup section */
		2F6D7D6D2A15B60E00FA457D /* LaunchScreen.storyboard */ = {
			isa = PBXVariantGroup;
			children = (
				2F6D7D6E2A15B60E00FA457D /* Base */,
			);
			name = LaunchScreen.storyboard;
			sourceTree = "<group>";
		};
/* End PBXVariantGroup section */

/* Begin XCBuildConfiguration section */
		2F6D7D712A15B60E00FA457D /* Debug */ = {
			isa = XCBuildConfiguration;
			buildSettings = {
				ALWAYS_SEARCH_USER_PATHS = NO;
				CLANG_ANALYZER_NONNULL = YES;
				CLANG_ANALYZER_NUMBER_OBJECT_CONVERSION = YES_AGGRESSIVE;
				CLANG_CXX_LANGUAGE_STANDARD = "gnu++20";
				CLANG_ENABLE_MODULES = YES;
				CLANG_ENABLE_OBJC_ARC = YES;
				CLANG_ENABLE_OBJC_WEAK = YES;
				CLANG_WARN_BLOCK_CAPTURE_AUTORELEASING = YES;
				CLANG_WARN_BOOL_CONVERSION = YES;
				CLANG_WARN_COMMA = YES;
				CLANG_WARN_CONSTANT_CONVERSION = YES;
				CLANG_WARN_DEPRECATED_OBJC_IMPLEMENTATIONS = YES;
				CLANG_WARN_DIRECT_OBJC_ISA_USAGE = YES_ERROR;
				CLANG_WARN_DOCUMENTATION_COMMENTS = YES;
				CLANG_WARN_EMPTY_BODY = YES;
				CLANG_WARN_ENUM_CONVERSION = YES;
				CLANG_WARN_INFINITE_RECURSION = YES;
				CLANG_WARN_INT_CONVERSION = YES;
				CLANG_WARN_NON_LITERAL_NULL_CONVERSION = YES;
				CLANG_WARN_OBJC_IMPLICIT_RETAIN_SELF = YES;
				CLANG_WARN_OBJC_LITERAL_CONVERSION = YES;
				CLANG_WARN_OBJC_ROOT_CLASS = YES_ERROR;
				CLANG_WARN_QUOTED_INCLUDE_IN_FRAMEWORK_HEADER = YES;
				CLANG_WARN_RANGE_LOOP_ANALYSIS = YES;
				CLANG_WARN_STRICT_PROTOTYPES = YES;
				CLANG_WARN_SUSPICIOUS_MOVE = YES;
				CLANG_WARN_UNGUARDED_AVAILABILITY = YES_AGGRESSIVE;
				CLANG_WARN_UNREACHABLE_CODE = YES;
				CLANG_WARN__DUPLICATE_METHOD_MATCH = YES;
				COPY_PHASE_STRIP = NO;
				DEBUG_INFORMATION_FORMAT = dwarf;
				ENABLE_STRICT_OBJC_MSGSEND = YES;
				ENABLE_TESTABILITY = YES;
				GCC_C_LANGUAGE_STANDARD = gnu11;
				GCC_DYNAMIC_NO_PIC = NO;
				GCC_NO_COMMON_BLOCKS = YES;
				GCC_OPTIMIZATION_LEVEL = 0;
				GCC_PREPROCESSOR_DEFINITIONS = (
					"DEBUG=1",
					"$(inherited)",
				);
				GCC_WARN_64_TO_32_BIT_CONVERSION = YES;
				GCC_WARN_ABOUT_RETURN_TYPE = YES_ERROR;
				GCC_WARN_UNDECLARED_SELECTOR = YES;
				GCC_WARN_UNINITIALIZED_AUTOS = YES_AGGRESSIVE;
				GCC_WARN_UNUSED_FUNCTION = YES;
				GCC_WARN_UNUSED_VARIABLE = YES;
				IPHONEOS_DEPLOYMENT_TARGET = 16.4;
				MTL_ENABLE_DEBUG_INFO = INCLUDE_SOURCE;
				MTL_FAST_MATH = YES;
				ONLY_ACTIVE_ARCH = YES;
				SDKROOT = iphoneos;
				SWIFT_ACTIVE_COMPILATION_CONDITIONS = DEBUG;
				SWIFT_OPTIMIZATION_LEVEL = "-Onone";
			};
			name = Debug;
		};
		2F6D7D722A15B60E00FA457D /* Release */ = {
			isa = XCBuildConfiguration;
			buildSettings = {
				ALWAYS_SEARCH_USER_PATHS = NO;
				CLANG_ANALYZER_NONNULL = YES;
				CLANG_ANALYZER_NUMBER_OBJECT_CONVERSION = YES_AGGRESSIVE;
				CLANG_CXX_LANGUAGE_STANDARD = "gnu++20";
				CLANG_ENABLE_MODULES = YES;
				CLANG_ENABLE_OBJC_ARC = YES;
				CLANG_ENABLE_OBJC_WEAK = YES;
				CLANG_WARN_BLOCK_CAPTURE_AUTORELEASING = YES;
				CLANG_WARN_BOOL_CONVERSION = YES;
				CLANG_WARN_COMMA = YES;
				CLANG_WARN_CONSTANT_CONVERSION = YES;
				CLANG_WARN_DEPRECATED_OBJC_IMPLEMENTATIONS = YES;
				CLANG_WARN_DIRECT_OBJC_ISA_USAGE = YES_ERROR;
				CLANG_WARN_DOCUMENTATION_COMMENTS = YES;
				CLANG_WARN_EMPTY_BODY = YES;
				CLANG_WARN_ENUM_CONVERSION = YES;
				CLANG_WARN_INFINITE_RECURSION = YES;
				CLANG_WARN_INT_CONVERSION = YES;
				CLANG_WARN_NON_LITERAL_NULL_CONVERSION = YES;
				CLANG_WARN_OBJC_IMPLICIT_RETAIN_SELF = YES;
				CLANG_WARN_OBJC_LITERAL_CONVERSION = YES;
				CLANG_WARN_OBJC_ROOT_CLASS = YES_ERROR;
				CLANG_WARN_QUOTED_INCLUDE_IN_FRAMEWORK_HEADER = YES;
				CLANG_WARN_RANGE_LOOP_ANALYSIS = YES;
				CLANG_WARN_STRICT_PROTOTYPES = YES;
				CLANG_WARN_SUSPICIOUS_MOVE = YES;
				CLANG_WARN_UNGUARDED_AVAILABILITY = YES_AGGRESSIVE;
				CLANG_WARN_UNREACHABLE_CODE = YES;
				CLANG_WARN__DUPLICATE_METHOD_MATCH = YES;
				COPY_PHASE_STRIP = NO;
				DEBUG_INFORMATION_FORMAT = "dwarf-with-dsym";
				ENABLE_NS_ASSERTIONS = NO;
				ENABLE_STRICT_OBJC_MSGSEND = YES;
				GCC_C_LANGUAGE_STANDARD = gnu11;
				GCC_NO_COMMON_BLOCKS = YES;
				GCC_WARN_64_TO_32_BIT_CONVERSION = YES;
				GCC_WARN_ABOUT_RETURN_TYPE = YES_ERROR;
				GCC_WARN_UNDECLARED_SELECTOR = YES;
				GCC_WARN_UNINITIALIZED_AUTOS = YES_AGGRESSIVE;
				GCC_WARN_UNUSED_FUNCTION = YES;
				GCC_WARN_UNUSED_VARIABLE = YES;
				IPHONEOS_DEPLOYMENT_TARGET = 16.4;
				MTL_ENABLE_DEBUG_INFO = NO;
				MTL_FAST_MATH = YES;
				SDKROOT = iphoneos;
				SWIFT_COMPILATION_MODE = wholemodule;
				SWIFT_OPTIMIZATION_LEVEL = "-O";
				VALIDATE_PRODUCT = YES;
			};
			name = Release;
		};
		2F6D7D742A15B60E00FA457D /* Debug */ = {
			isa = XCBuildConfiguration;
			buildSettings = {
				ASSETCATALOG_COMPILER_APPICON_NAME = AppIcon;
				ASSETCATALOG_COMPILER_GLOBAL_ACCENT_COLOR_NAME = AccentColor;
				CODE_SIGN_STYLE = Automatic;
				CURRENT_PROJECT_VERSION = 1;
				DEVELOPMENT_TEAM = LL4R66V6Y3;
				GENERATE_INFOPLIST_FILE = YES;
				INFOPLIST_FILE = SM_SoftwearEnginnering_iOS/Supportings/Info.plist;
				INFOPLIST_KEY_UIApplicationSupportsIndirectInputEvents = YES;
				INFOPLIST_KEY_UILaunchStoryboardName = LaunchScreen;
				INFOPLIST_KEY_UISupportedInterfaceOrientations_iPad = "UIInterfaceOrientationPortrait UIInterfaceOrientationPortraitUpsideDown UIInterfaceOrientationLandscapeLeft UIInterfaceOrientationLandscapeRight";
				INFOPLIST_KEY_UISupportedInterfaceOrientations_iPhone = "UIInterfaceOrientationPortrait UIInterfaceOrientationLandscapeLeft UIInterfaceOrientationLandscapeRight";
				IPHONEOS_DEPLOYMENT_TARGET = 15.0;
				LD_RUNPATH_SEARCH_PATHS = (
					"$(inherited)",
					"@executable_path/Frameworks",
				);
				MARKETING_VERSION = 1.0;
				PRODUCT_BUNDLE_IDENTIFIER = "cody.SM-SoftwearEnginnering-iOS";
				PRODUCT_NAME = "$(TARGET_NAME)";
				SWIFT_EMIT_LOC_STRINGS = YES;
				SWIFT_VERSION = 5.0;
				TARGETED_DEVICE_FAMILY = "1,2";
			};
			name = Debug;
		};
		2F6D7D752A15B60E00FA457D /* Release */ = {
			isa = XCBuildConfiguration;
			buildSettings = {
				ASSETCATALOG_COMPILER_APPICON_NAME = AppIcon;
				ASSETCATALOG_COMPILER_GLOBAL_ACCENT_COLOR_NAME = AccentColor;
				CODE_SIGN_STYLE = Automatic;
				CURRENT_PROJECT_VERSION = 1;
				DEVELOPMENT_TEAM = LL4R66V6Y3;
				GENERATE_INFOPLIST_FILE = YES;
				INFOPLIST_FILE = SM_SoftwearEnginnering_iOS/Supportings/Info.plist;
				INFOPLIST_KEY_UIApplicationSupportsIndirectInputEvents = YES;
				INFOPLIST_KEY_UILaunchStoryboardName = LaunchScreen;
				INFOPLIST_KEY_UISupportedInterfaceOrientations_iPad = "UIInterfaceOrientationPortrait UIInterfaceOrientationPortraitUpsideDown UIInterfaceOrientationLandscapeLeft UIInterfaceOrientationLandscapeRight";
				INFOPLIST_KEY_UISupportedInterfaceOrientations_iPhone = "UIInterfaceOrientationPortrait UIInterfaceOrientationLandscapeLeft UIInterfaceOrientationLandscapeRight";
				IPHONEOS_DEPLOYMENT_TARGET = 15.0;
				LD_RUNPATH_SEARCH_PATHS = (
					"$(inherited)",
					"@executable_path/Frameworks",
				);
				MARKETING_VERSION = 1.0;
				PRODUCT_BUNDLE_IDENTIFIER = "cody.SM-SoftwearEnginnering-iOS";
				PRODUCT_NAME = "$(TARGET_NAME)";
				SWIFT_EMIT_LOC_STRINGS = YES;
				SWIFT_VERSION = 5.0;
				TARGETED_DEVICE_FAMILY = "1,2";
			};
			name = Release;
		};
/* End XCBuildConfiguration section */

/* Begin XCConfigurationList section */
		2F6D7D5A2A15B60D00FA457D /* Build configuration list for PBXProject "SM_SoftwearEnginnering_iOS" */ = {
			isa = XCConfigurationList;
			buildConfigurations = (
				2F6D7D712A15B60E00FA457D /* Debug */,
				2F6D7D722A15B60E00FA457D /* Release */,
			);
			defaultConfigurationIsVisible = 0;
			defaultConfigurationName = Release;
		};
		2F6D7D732A15B60E00FA457D /* Build configuration list for PBXNativeTarget "SM_SoftwearEnginnering_iOS" */ = {
			isa = XCConfigurationList;
			buildConfigurations = (
				2F6D7D742A15B60E00FA457D /* Debug */,
				2F6D7D752A15B60E00FA457D /* Release */,
			);
			defaultConfigurationIsVisible = 0;
			defaultConfigurationName = Release;
		};
/* End XCConfigurationList section */

/* Begin XCRemoteSwiftPackageReference section */
		2FC1D9B92A1786F3008032C0 /* XCRemoteSwiftPackageReference "SnapKit" */ = {
			isa = XCRemoteSwiftPackageReference;
			repositoryURL = "https://github.com/SnapKit/SnapKit.git";
			requirement = {
				kind = upToNextMinorVersion;
				minimumVersion = 5.6.0;
			};
		};
/* End XCRemoteSwiftPackageReference section */

/* Begin XCSwiftPackageProductDependency section */
		2FC1D9BA2A1786F3008032C0 /* SnapKit */ = {
			isa = XCSwiftPackageProductDependency;
			package = 2FC1D9B92A1786F3008032C0 /* XCRemoteSwiftPackageReference "SnapKit" */;
			productName = SnapKit;
		};
/* End XCSwiftPackageProductDependency section */
	};
	rootObject = 2F6D7D572A15B60D00FA457D /* Project object */;
}
